
Microsoft Visual Studio Solution File, Format Version 12.00
# Visual Studio Version 16
VisualStudioVersion = 16.0.29509.3
MinimumVisualStudioVersion = 10.0.40219.1
Project("{FAE04EC0-301F-11D3-BF4B-00C04F79EFBC}") = "Unique Usernames", "Unique Usernames\Unique Usernames.csproj", "{6F250271-57BA-432F-8643-1D2E4D662FDB}"
EndProject
Project("{FAE04EC0-301F-11D3-BF4B-00C04F79EFBC}") = "SetsOfElements", "SetsOfElements\SetsOfElements.csproj", "{64542593-8282-4105-8551-CD53DB7FAC6D}"
EndProject
Project("{FAE04EC0-301F-11D3-BF4B-00C04F79EFBC}") = "PeriodicTable", "PeriodicTable\PeriodicTable.csproj", "{7005BE8E-C577-4483-A6AC-CCBB0693E168}"
EndProject
Project("{FAE04EC0-301F-11D3-BF4B-00C04F79EFBC}") = "EvenTimes", "EvenTimes\EvenTimes.csproj", "{19890E5F-B32C-41DF-BB3A-DA7CD2142050}"
EndProject
Project("{FAE04EC0-301F-11D3-BF4B-00C04F79EFBC}") = "CountSymbols", "CountSymbols\CountSymbols.csproj", "{E967728A-5589-42CD-8807-934E7199CE5D}"
EndProject
Project("{FAE04EC0-301F-11D3-BF4B-00C04F79EFBC}") = "Wardrobe", "Wardrobe\Wardrobe.csproj", "{37D8F790-3547-4204-9F90-48A9FDD9D864}"
EndProject
Global
	GlobalSection(SolutionConfigurationPlatforms) = preSolution
		Debug|Any CPU = Debug|Any CPU
		Release|Any CPU = Release|Any CPU
	EndGlobalSection
	GlobalSection(ProjectConfigurationPlatforms) = postSolution
		{6F250271-57BA-432F-8643-1D2E4D662FDB}.Debug|Any CPU.ActiveCfg = Debug|Any CPU
		{6F250271-57BA-432F-8643-1D2E4D662FDB}.Debug|Any CPU.Build.0 = Debug|Any CPU
		{6F250271-57BA-432F-8643-1D2E4D662FDB}.Release|Any CPU.ActiveCfg = Release|Any CPU
		{6F250271-57BA-432F-8643-1D2E4D662FDB}.Release|Any CPU.Build.0 = Release|Any CPU
		{64542593-8282-4105-8551-CD53DB7FAC6D}.Debug|Any CPU.ActiveCfg = Debug|Any CPU
		{64542593-8282-4105-8551-CD53DB7FAC6D}.Debug|Any CPU.Build.0 = Debug|Any CPU
		{64542593-8282-4105-8551-CD53DB7FAC6D}.Release|Any CPU.ActiveCfg = Release|Any CPU
		{64542593-8282-4105-8551-CD53DB7FAC6D}.Release|Any CPU.Build.0 = Release|Any CPU
		{7005BE8E-C577-4483-A6AC-CCBB0693E168}.Debug|Any CPU.ActiveCfg = Debug|Any CPU
		{7005BE8E-C577-4483-A6AC-CCBB0693E168}.Debug|Any CPU.Build.0 = Debug|Any CPU
		{7005BE8E-C577-4483-A6AC-CCBB0693E168}.Release|Any CPU.ActiveCfg = Release|Any CPU
		{7005BE8E-C577-4483-A6AC-CCBB0693E168}.Release|Any CPU.Build.0 = Release|Any CPU
		{19890E5F-B32C-41DF-BB3A-DA7CD2142050}.Debug|Any CPU.ActiveCfg = Debug|Any CPU
		{19890E5F-B32C-41DF-BB3A-DA7CD2142050}.Debug|Any CPU.Build.0 = Debug|Any CPU
		{19890E5F-B32C-41DF-BB3A-DA7CD2142050}.Release|Any CPU.ActiveCfg = Release|Any CPU
		{19890E5F-B32C-41DF-BB3A-DA7CD2142050}.Release|Any CPU.Build.0 = Release|Any CPU
		{E967728A-5589-42CD-8807-934E7199CE5D}.Debug|Any CPU.ActiveCfg = Debug|Any CPU
		{E967728A-5589-42CD-8807-934E7199CE5D}.Debug|Any CPU.Build.0 = Debug|Any CPU
		{E967728A-5589-42CD-8807-934E7199CE5D}.Release|Any CPU.ActiveCfg = Release|Any CPU
		{E967728A-5589-42CD-8807-934E7199CE5D}.Release|Any CPU.Build.0 = Release|Any CPU
		{37D8F790-3547-4204-9F90-48A9FDD9D864}.Debug|Any CPU.ActiveCfg = Debug|Any CPU
		{37D8F790-3547-4204-9F90-48A9FDD9D864}.Debug|Any CPU.Build.0 = Debug|Any CPU
		{37D8F790-3547-4204-9F90-48A9FDD9D864}.Release|Any CPU.ActiveCfg = Release|Any CPU
		{37D8F790-3547-4204-9F90-48A9FDD9D864}.Release|Any CPU.Build.0 = Release|Any CPU
	EndGlobalSection
	GlobalSection(SolutionProperties) = preSolution
		HideSolutionNode = FALSE
	EndGlobalSection
	GlobalSection(ExtensibilityGlobals) = postSolution
		SolutionGuid = {E5147602-90B5-4CA2-B9E1-734DC5A8F9EC}
	EndGlobalSection
EndGlobal
