
Microsoft Visual Studio Solution File, Format Version 12.00
# Visual Studio Version 16
VisualStudioVersion = 16.0.29509.3
MinimumVisualStudioVersion = 10.0.40219.1
Project("{FAE04EC0-301F-11D3-BF4B-00C04F79EFBC}") = "Even Lines", "ConsoleApp1\Even Lines.csproj", "{7F4937FA-1F9D-44EB-A22B-4D0C3CBC2DC7}"
EndProject
Project("{FAE04EC0-301F-11D3-BF4B-00C04F79EFBC}") = "ZipAndExtract", "ZipAndExtract\ZipAndExtract.csproj", "{18B6DDA3-6466-4C0D-BC1A-5E6F996C77AE}"
EndProject
Project("{FAE04EC0-301F-11D3-BF4B-00C04F79EFBC}") = "LineNumbers", "LineNumbers\LineNumbers.csproj", "{D513C398-753B-49E1-BFBD-F20A8DBB0B6A}"
EndProject
Project("{FAE04EC0-301F-11D3-BF4B-00C04F79EFBC}") = "CopyBinaryFile", "CopyBinaryFile\CopyBinaryFile.csproj", "{7B034989-784E-4771-AF0F-83D9B75D7759}"
EndProject
Project("{FAE04EC0-301F-11D3-BF4B-00C04F79EFBC}") = "DirectoryTraversal", "DirectoryTraversal\DirectoryTraversal.csproj", "{6B7DF9DF-83B5-4004-836D-48A637C4A1E4}"
EndProject
Project("{FAE04EC0-301F-11D3-BF4B-00C04F79EFBC}") = "WordCount", "WordCount\WordCount.csproj", "{687C30CE-5BC5-40BC-99BB-04278644C210}"
EndProject
Global
	GlobalSection(SolutionConfigurationPlatforms) = preSolution
		Debug|Any CPU = Debug|Any CPU
		Release|Any CPU = Release|Any CPU
	EndGlobalSection
	GlobalSection(ProjectConfigurationPlatforms) = postSolution
		{7F4937FA-1F9D-44EB-A22B-4D0C3CBC2DC7}.Debug|Any CPU.ActiveCfg = Debug|Any CPU
		{7F4937FA-1F9D-44EB-A22B-4D0C3CBC2DC7}.Debug|Any CPU.Build.0 = Debug|Any CPU
		{7F4937FA-1F9D-44EB-A22B-4D0C3CBC2DC7}.Release|Any CPU.ActiveCfg = Release|Any CPU
		{7F4937FA-1F9D-44EB-A22B-4D0C3CBC2DC7}.Release|Any CPU.Build.0 = Release|Any CPU
		{18B6DDA3-6466-4C0D-BC1A-5E6F996C77AE}.Debug|Any CPU.ActiveCfg = Debug|Any CPU
		{18B6DDA3-6466-4C0D-BC1A-5E6F996C77AE}.Debug|Any CPU.Build.0 = Debug|Any CPU
		{18B6DDA3-6466-4C0D-BC1A-5E6F996C77AE}.Release|Any CPU.ActiveCfg = Release|Any CPU
		{18B6DDA3-6466-4C0D-BC1A-5E6F996C77AE}.Release|Any CPU.Build.0 = Release|Any CPU
		{D513C398-753B-49E1-BFBD-F20A8DBB0B6A}.Debug|Any CPU.ActiveCfg = Debug|Any CPU
		{D513C398-753B-49E1-BFBD-F20A8DBB0B6A}.Debug|Any CPU.Build.0 = Debug|Any CPU
		{D513C398-753B-49E1-BFBD-F20A8DBB0B6A}.Release|Any CPU.ActiveCfg = Release|Any CPU
		{D513C398-753B-49E1-BFBD-F20A8DBB0B6A}.Release|Any CPU.Build.0 = Release|Any CPU
		{7B034989-784E-4771-AF0F-83D9B75D7759}.Debug|Any CPU.ActiveCfg = Debug|Any CPU
		{7B034989-784E-4771-AF0F-83D9B75D7759}.Debug|Any CPU.Build.0 = Debug|Any CPU
		{7B034989-784E-4771-AF0F-83D9B75D7759}.Release|Any CPU.ActiveCfg = Release|Any CPU
		{7B034989-784E-4771-AF0F-83D9B75D7759}.Release|Any CPU.Build.0 = Release|Any CPU
		{6B7DF9DF-83B5-4004-836D-48A637C4A1E4}.Debug|Any CPU.ActiveCfg = Debug|Any CPU
		{6B7DF9DF-83B5-4004-836D-48A637C4A1E4}.Debug|Any CPU.Build.0 = Debug|Any CPU
		{6B7DF9DF-83B5-4004-836D-48A637C4A1E4}.Release|Any CPU.ActiveCfg = Release|Any CPU
		{6B7DF9DF-83B5-4004-836D-48A637C4A1E4}.Release|Any CPU.Build.0 = Release|Any CPU
		{687C30CE-5BC5-40BC-99BB-04278644C210}.Debug|Any CPU.ActiveCfg = Debug|Any CPU
		{687C30CE-5BC5-40BC-99BB-04278644C210}.Debug|Any CPU.Build.0 = Debug|Any CPU
		{687C30CE-5BC5-40BC-99BB-04278644C210}.Release|Any CPU.ActiveCfg = Release|Any CPU
		{687C30CE-5BC5-40BC-99BB-04278644C210}.Release|Any CPU.Build.0 = Release|Any CPU
	EndGlobalSection
	GlobalSection(SolutionProperties) = preSolution
		HideSolutionNode = FALSE
	EndGlobalSection
	GlobalSection(ExtensibilityGlobals) = postSolution
		SolutionGuid = {30E46D2A-2EEB-4CAA-AC3C-BABB63C4E698}
	EndGlobalSection
EndGlobal
