
Microsoft Visual Studio Solution File, Format Version 12.00
# Visual Studio Version 16
VisualStudioVersion = 16.0.29509.3
MinimumVisualStudioVersion = 10.0.40219.1
Project("{FAE04EC0-301F-11D3-BF4B-00C04F79EFBC}") = "DiagonalDifference", "DiagonalDifference\DiagonalDifference.csproj", "{944E02BF-0FBF-4F3B-B329-BA381B4633D3}"
EndProject
Global
	GlobalSection(SolutionConfigurationPlatforms) = preSolution
		Debug|Any CPU = Debug|Any CPU
		Release|Any CPU = Release|Any CPU
	EndGlobalSection
	GlobalSection(ProjectConfigurationPlatforms) = postSolution
		{944E02BF-0FBF-4F3B-B329-BA381B4633D3}.Debug|Any CPU.ActiveCfg = Debug|Any CPU
		{944E02BF-0FBF-4F3B-B329-BA381B4633D3}.Debug|Any CPU.Build.0 = Debug|Any CPU
		{944E02BF-0FBF-4F3B-B329-BA381B4633D3}.Release|Any CPU.ActiveCfg = Release|Any CPU
		{944E02BF-0FBF-4F3B-B329-BA381B4633D3}.Release|Any CPU.Build.0 = Release|Any CPU
	EndGlobalSection
	GlobalSection(SolutionProperties) = preSolution
		HideSolutionNode = FALSE
	EndGlobalSection
	GlobalSection(ExtensibilityGlobals) = postSolution
		SolutionGuid = {A27AE420-8A08-4334-90F6-40BE10EE5C2B}
	EndGlobalSection
EndGlobal
